
Microsoft Visual Studio Solution File, Format Version 12.00
# Visual Studio Version 16
VisualStudioVersion = 16.0.30114.105
MinimumVisualStudioVersion = 10.0.40219.1
Project("{FAE04EC0-301F-11D3-BF4B-00C04F79EFBC}") = "PrettyRegistryXml.Core", "core\PrettyRegistryXml.Core.csproj", "{6A49EE2E-FF61-4488-A850-EB189AD3E8D4}"
EndProject
Project("{FAE04EC0-301F-11D3-BF4B-00C04F79EFBC}") = "PrettyRegistryXml.OpenXR", "openxr\PrettyRegistryXml.OpenXR.csproj", "{E6FF6520-ABF9-4AF8-8C37-6782C00ECB74}"
EndProject
Project("{FAE04EC0-301F-11D3-BF4B-00C04F79EFBC}") = "openxr.Tests", "openxr.Tests\openxr.Tests.csproj", "{6634D04E-F46F-4F41-9BD0-AF22EBD7845E}"
EndProject
Global
	GlobalSection(SolutionConfigurationPlatforms) = preSolution
		Debug|Any CPU = Debug|Any CPU
		Debug|x64 = Debug|x64
		Debug|x86 = Debug|x86
		Release|Any CPU = Release|Any CPU
		Release|x64 = Release|x64
		Release|x86 = Release|x86
	EndGlobalSection
	GlobalSection(SolutionProperties) = preSolution
		HideSolutionNode = FALSE
	EndGlobalSection
	GlobalSection(ProjectConfigurationPlatforms) = postSolution
		{6A49EE2E-FF61-4488-A850-EB189AD3E8D4}.Debug|Any CPU.ActiveCfg = Debug|Any CPU
		{6A49EE2E-FF61-4488-A850-EB189AD3E8D4}.Debug|Any CPU.Build.0 = Debug|Any CPU
		{6A49EE2E-FF61-4488-A850-EB189AD3E8D4}.Debug|x64.ActiveCfg = Debug|Any CPU
		{6A49EE2E-FF61-4488-A850-EB189AD3E8D4}.Debug|x64.Build.0 = Debug|Any CPU
		{6A49EE2E-FF61-4488-A850-EB189AD3E8D4}.Debug|x86.ActiveCfg = Debug|Any CPU
		{6A49EE2E-FF61-4488-A850-EB189AD3E8D4}.Debug|x86.Build.0 = Debug|Any CPU
		{6A49EE2E-FF61-4488-A850-EB189AD3E8D4}.Release|Any CPU.ActiveCfg = Release|Any CPU
		{6A49EE2E-FF61-4488-A850-EB189AD3E8D4}.Release|Any CPU.Build.0 = Release|Any CPU
		{6A49EE2E-FF61-4488-A850-EB189AD3E8D4}.Release|x64.ActiveCfg = Release|Any CPU
		{6A49EE2E-FF61-4488-A850-EB189AD3E8D4}.Release|x64.Build.0 = Release|Any CPU
		{6A49EE2E-FF61-4488-A850-EB189AD3E8D4}.Release|x86.ActiveCfg = Release|Any CPU
		{6A49EE2E-FF61-4488-A850-EB189AD3E8D4}.Release|x86.Build.0 = Release|Any CPU
		{E6FF6520-ABF9-4AF8-8C37-6782C00ECB74}.Debug|Any CPU.ActiveCfg = Debug|Any CPU
		{E6FF6520-ABF9-4AF8-8C37-6782C00ECB74}.Debug|Any CPU.Build.0 = Debug|Any CPU
		{E6FF6520-ABF9-4AF8-8C37-6782C00ECB74}.Debug|x64.ActiveCfg = Debug|Any CPU
		{E6FF6520-ABF9-4AF8-8C37-6782C00ECB74}.Debug|x64.Build.0 = Debug|Any CPU
		{E6FF6520-ABF9-4AF8-8C37-6782C00ECB74}.Debug|x86.ActiveCfg = Debug|Any CPU
		{E6FF6520-ABF9-4AF8-8C37-6782C00ECB74}.Debug|x86.Build.0 = Debug|Any CPU
		{E6FF6520-ABF9-4AF8-8C37-6782C00ECB74}.Release|Any CPU.ActiveCfg = Release|Any CPU
		{E6FF6520-ABF9-4AF8-8C37-6782C00ECB74}.Release|Any CPU.Build.0 = Release|Any CPU
		{E6FF6520-ABF9-4AF8-8C37-6782C00ECB74}.Release|x64.ActiveCfg = Release|Any CPU
		{E6FF6520-ABF9-4AF8-8C37-6782C00ECB74}.Release|x64.Build.0 = Release|Any CPU
		{E6FF6520-ABF9-4AF8-8C37-6782C00ECB74}.Release|x86.ActiveCfg = Release|Any CPU
		{E6FF6520-ABF9-4AF8-8C37-6782C00ECB74}.Release|x86.Build.0 = Release|Any CPU
		{6634D04E-F46F-4F41-9BD0-AF22EBD7845E}.Debug|Any CPU.ActiveCfg = Debug|Any CPU
		{6634D04E-F46F-4F41-9BD0-AF22EBD7845E}.Debug|Any CPU.Build.0 = Debug|Any CPU
		{6634D04E-F46F-4F41-9BD0-AF22EBD7845E}.Debug|x64.ActiveCfg = Debug|Any CPU
		{6634D04E-F46F-4F41-9BD0-AF22EBD7845E}.Debug|x64.Build.0 = Debug|Any CPU
		{6634D04E-F46F-4F41-9BD0-AF22EBD7845E}.Debug|x86.ActiveCfg = Debug|Any CPU
		{6634D04E-F46F-4F41-9BD0-AF22EBD7845E}.Debug|x86.Build.0 = Debug|Any CPU
		{6634D04E-F46F-4F41-9BD0-AF22EBD7845E}.Release|Any CPU.ActiveCfg = Release|Any CPU
		{6634D04E-F46F-4F41-9BD0-AF22EBD7845E}.Release|Any CPU.Build.0 = Release|Any CPU
		{6634D04E-F46F-4F41-9BD0-AF22EBD7845E}.Release|x64.ActiveCfg = Release|Any CPU
		{6634D04E-F46F-4F41-9BD0-AF22EBD7845E}.Release|x64.Build.0 = Release|Any CPU
		{6634D04E-F46F-4F41-9BD0-AF22EBD7845E}.Release|x86.ActiveCfg = Release|Any CPU
		{6634D04E-F46F-4F41-9BD0-AF22EBD7845E}.Release|x86.Build.0 = Release|Any CPU
	EndGlobalSection
EndGlobal
