
Microsoft Visual Studio Solution File, Format Version 12.00
# Visual Studio Version 16
VisualStudioVersion = 16.0.30114.105
MinimumVisualStudioVersion = 10.0.40219.1
Project("{FAE04EC0-301F-11D3-BF4B-00C04F79EFBC}") = "PrettyRegistryXml.Core", "src\PrettyRegistryXml.Core\PrettyRegistryXml.Core.csproj", "{6A49EE2E-FF61-4488-A850-EB189AD3E8D4}"
EndProject
Project("{FAE04EC0-301F-11D3-BF4B-00C04F79EFBC}") = "PrettyRegistryXml.OpenXR", "src\PrettyRegistryXml.OpenXR\PrettyRegistryXml.OpenXR.csproj", "{E6FF6520-ABF9-4AF8-8C37-6782C00ECB74}"
EndProject
Project("{FAE04EC0-301F-11D3-BF4B-00C04F79EFBC}") = "PrettyRegistryXml.OpenXR.Tests", "src\PrettyRegistryXml.OpenXR.Tests\PrettyRegistryXml.OpenXR.Tests.csproj", "{6634D04E-F46F-4F41-9BD0-AF22EBD7845E}"
EndProject
Project("{FAE04EC0-301F-11D3-BF4B-00C04F79EFBC}") = "PrettyRegistryXml.GroupedAlignment", "src\PrettyRegistryXml.GroupedAlignment\PrettyRegistryXml.GroupedAlignment.csproj", "{1CE2ED2A-13C6-4A07-A566-B6B7CFBC890F}"
EndProject
Project("{FAE04EC0-301F-11D3-BF4B-00C04F79EFBC}") = "PrettyRegistryXml.GroupedAlignment.Tests", "src\PrettyRegistryXml.GroupedAlignment.Tests\PrettyRegistryXml.GroupedAlignment.Tests.csproj", "{746C0352-AF98-4E03-A3FB-9E019BDC893B}"
EndProject
Project("{FAE04EC0-301F-11D3-BF4B-00C04F79EFBC}") = "PrettyRegistryXml.Vulkan", "src\PrettyRegistryXml.Vulkan\PrettyRegistryXml.Vulkan.csproj", "{D959DF7D-2322-4721-81B3-36AEE5CA2145}"
EndProject
Global
	GlobalSection(SolutionConfigurationPlatforms) = preSolution
		Debug|Any CPU = Debug|Any CPU
		Debug|x64 = Debug|x64
		Debug|x86 = Debug|x86
		Release|Any CPU = Release|Any CPU
		Release|x64 = Release|x64
		Release|x86 = Release|x86
	EndGlobalSection
	GlobalSection(SolutionProperties) = preSolution
		HideSolutionNode = FALSE
	EndGlobalSection
	GlobalSection(ProjectConfigurationPlatforms) = postSolution
		{6A49EE2E-FF61-4488-A850-EB189AD3E8D4}.Debug|Any CPU.ActiveCfg = Debug|Any CPU
		{6A49EE2E-FF61-4488-A850-EB189AD3E8D4}.Debug|Any CPU.Build.0 = Debug|Any CPU
		{6A49EE2E-FF61-4488-A850-EB189AD3E8D4}.Debug|x64.ActiveCfg = Debug|Any CPU
		{6A49EE2E-FF61-4488-A850-EB189AD3E8D4}.Debug|x64.Build.0 = Debug|Any CPU
		{6A49EE2E-FF61-4488-A850-EB189AD3E8D4}.Debug|x86.ActiveCfg = Debug|Any CPU
		{6A49EE2E-FF61-4488-A850-EB189AD3E8D4}.Debug|x86.Build.0 = Debug|Any CPU
		{6A49EE2E-FF61-4488-A850-EB189AD3E8D4}.Release|Any CPU.ActiveCfg = Release|Any CPU
		{6A49EE2E-FF61-4488-A850-EB189AD3E8D4}.Release|Any CPU.Build.0 = Release|Any CPU
		{6A49EE2E-FF61-4488-A850-EB189AD3E8D4}.Release|x64.ActiveCfg = Release|Any CPU
		{6A49EE2E-FF61-4488-A850-EB189AD3E8D4}.Release|x64.Build.0 = Release|Any CPU
		{6A49EE2E-FF61-4488-A850-EB189AD3E8D4}.Release|x86.ActiveCfg = Release|Any CPU
		{6A49EE2E-FF61-4488-A850-EB189AD3E8D4}.Release|x86.Build.0 = Release|Any CPU
		{E6FF6520-ABF9-4AF8-8C37-6782C00ECB74}.Debug|Any CPU.ActiveCfg = Debug|Any CPU
		{E6FF6520-ABF9-4AF8-8C37-6782C00ECB74}.Debug|Any CPU.Build.0 = Debug|Any CPU
		{E6FF6520-ABF9-4AF8-8C37-6782C00ECB74}.Debug|x64.ActiveCfg = Debug|Any CPU
		{E6FF6520-ABF9-4AF8-8C37-6782C00ECB74}.Debug|x64.Build.0 = Debug|Any CPU
		{E6FF6520-ABF9-4AF8-8C37-6782C00ECB74}.Debug|x86.ActiveCfg = Debug|Any CPU
		{E6FF6520-ABF9-4AF8-8C37-6782C00ECB74}.Debug|x86.Build.0 = Debug|Any CPU
		{E6FF6520-ABF9-4AF8-8C37-6782C00ECB74}.Release|Any CPU.ActiveCfg = Release|Any CPU
		{E6FF6520-ABF9-4AF8-8C37-6782C00ECB74}.Release|Any CPU.Build.0 = Release|Any CPU
		{E6FF6520-ABF9-4AF8-8C37-6782C00ECB74}.Release|x64.ActiveCfg = Release|Any CPU
		{E6FF6520-ABF9-4AF8-8C37-6782C00ECB74}.Release|x64.Build.0 = Release|Any CPU
		{E6FF6520-ABF9-4AF8-8C37-6782C00ECB74}.Release|x86.ActiveCfg = Release|Any CPU
		{E6FF6520-ABF9-4AF8-8C37-6782C00ECB74}.Release|x86.Build.0 = Release|Any CPU
		{6634D04E-F46F-4F41-9BD0-AF22EBD7845E}.Debug|Any CPU.ActiveCfg = Debug|Any CPU
		{6634D04E-F46F-4F41-9BD0-AF22EBD7845E}.Debug|Any CPU.Build.0 = Debug|Any CPU
		{6634D04E-F46F-4F41-9BD0-AF22EBD7845E}.Debug|x64.ActiveCfg = Debug|Any CPU
		{6634D04E-F46F-4F41-9BD0-AF22EBD7845E}.Debug|x64.Build.0 = Debug|Any CPU
		{6634D04E-F46F-4F41-9BD0-AF22EBD7845E}.Debug|x86.ActiveCfg = Debug|Any CPU
		{6634D04E-F46F-4F41-9BD0-AF22EBD7845E}.Debug|x86.Build.0 = Debug|Any CPU
		{6634D04E-F46F-4F41-9BD0-AF22EBD7845E}.Release|Any CPU.ActiveCfg = Release|Any CPU
		{6634D04E-F46F-4F41-9BD0-AF22EBD7845E}.Release|Any CPU.Build.0 = Release|Any CPU
		{6634D04E-F46F-4F41-9BD0-AF22EBD7845E}.Release|x64.ActiveCfg = Release|Any CPU
		{6634D04E-F46F-4F41-9BD0-AF22EBD7845E}.Release|x64.Build.0 = Release|Any CPU
		{6634D04E-F46F-4F41-9BD0-AF22EBD7845E}.Release|x86.ActiveCfg = Release|Any CPU
		{6634D04E-F46F-4F41-9BD0-AF22EBD7845E}.Release|x86.Build.0 = Release|Any CPU
		{1CE2ED2A-13C6-4A07-A566-B6B7CFBC890F}.Debug|Any CPU.ActiveCfg = Debug|Any CPU
		{1CE2ED2A-13C6-4A07-A566-B6B7CFBC890F}.Debug|Any CPU.Build.0 = Debug|Any CPU
		{1CE2ED2A-13C6-4A07-A566-B6B7CFBC890F}.Debug|x64.ActiveCfg = Debug|Any CPU
		{1CE2ED2A-13C6-4A07-A566-B6B7CFBC890F}.Debug|x64.Build.0 = Debug|Any CPU
		{1CE2ED2A-13C6-4A07-A566-B6B7CFBC890F}.Debug|x86.ActiveCfg = Debug|Any CPU
		{1CE2ED2A-13C6-4A07-A566-B6B7CFBC890F}.Debug|x86.Build.0 = Debug|Any CPU
		{1CE2ED2A-13C6-4A07-A566-B6B7CFBC890F}.Release|Any CPU.ActiveCfg = Release|Any CPU
		{1CE2ED2A-13C6-4A07-A566-B6B7CFBC890F}.Release|Any CPU.Build.0 = Release|Any CPU
		{1CE2ED2A-13C6-4A07-A566-B6B7CFBC890F}.Release|x64.ActiveCfg = Release|Any CPU
		{1CE2ED2A-13C6-4A07-A566-B6B7CFBC890F}.Release|x64.Build.0 = Release|Any CPU
		{1CE2ED2A-13C6-4A07-A566-B6B7CFBC890F}.Release|x86.ActiveCfg = Release|Any CPU
		{1CE2ED2A-13C6-4A07-A566-B6B7CFBC890F}.Release|x86.Build.0 = Release|Any CPU
		{746C0352-AF98-4E03-A3FB-9E019BDC893B}.Debug|Any CPU.ActiveCfg = Debug|Any CPU
		{746C0352-AF98-4E03-A3FB-9E019BDC893B}.Debug|Any CPU.Build.0 = Debug|Any CPU
		{746C0352-AF98-4E03-A3FB-9E019BDC893B}.Debug|x64.ActiveCfg = Debug|Any CPU
		{746C0352-AF98-4E03-A3FB-9E019BDC893B}.Debug|x64.Build.0 = Debug|Any CPU
		{746C0352-AF98-4E03-A3FB-9E019BDC893B}.Debug|x86.ActiveCfg = Debug|Any CPU
		{746C0352-AF98-4E03-A3FB-9E019BDC893B}.Debug|x86.Build.0 = Debug|Any CPU
		{746C0352-AF98-4E03-A3FB-9E019BDC893B}.Release|Any CPU.ActiveCfg = Release|Any CPU
		{746C0352-AF98-4E03-A3FB-9E019BDC893B}.Release|Any CPU.Build.0 = Release|Any CPU
		{746C0352-AF98-4E03-A3FB-9E019BDC893B}.Release|x64.ActiveCfg = Release|Any CPU
		{746C0352-AF98-4E03-A3FB-9E019BDC893B}.Release|x64.Build.0 = Release|Any CPU
		{746C0352-AF98-4E03-A3FB-9E019BDC893B}.Release|x86.ActiveCfg = Release|Any CPU
		{746C0352-AF98-4E03-A3FB-9E019BDC893B}.Release|x86.Build.0 = Release|Any CPU
		{D959DF7D-2322-4721-81B3-36AEE5CA2145}.Debug|Any CPU.ActiveCfg = Debug|Any CPU
		{D959DF7D-2322-4721-81B3-36AEE5CA2145}.Debug|Any CPU.Build.0 = Debug|Any CPU
		{D959DF7D-2322-4721-81B3-36AEE5CA2145}.Debug|x64.ActiveCfg = Debug|Any CPU
		{D959DF7D-2322-4721-81B3-36AEE5CA2145}.Debug|x64.Build.0 = Debug|Any CPU
		{D959DF7D-2322-4721-81B3-36AEE5CA2145}.Debug|x86.ActiveCfg = Debug|Any CPU
		{D959DF7D-2322-4721-81B3-36AEE5CA2145}.Debug|x86.Build.0 = Debug|Any CPU
		{D959DF7D-2322-4721-81B3-36AEE5CA2145}.Release|Any CPU.ActiveCfg = Release|Any CPU
		{D959DF7D-2322-4721-81B3-36AEE5CA2145}.Release|Any CPU.Build.0 = Release|Any CPU
		{D959DF7D-2322-4721-81B3-36AEE5CA2145}.Release|x64.ActiveCfg = Release|Any CPU
		{D959DF7D-2322-4721-81B3-36AEE5CA2145}.Release|x64.Build.0 = Release|Any CPU
		{D959DF7D-2322-4721-81B3-36AEE5CA2145}.Release|x86.ActiveCfg = Release|Any CPU
		{D959DF7D-2322-4721-81B3-36AEE5CA2145}.Release|x86.Build.0 = Release|Any CPU
	EndGlobalSection
EndGlobal
